
Microsoft Visual Studio Solution File, Format Version 12.00
# Visual Studio Version 17
VisualStudioVersion = 17.0.31903.59
MinimumVisualStudioVersion = 10.0.40219.1
Project("{FAE04EC0-301F-11D3-BF4B-00C04F79EFBC}") = "startAPI", "startAPI\startAPI.csproj", "{A54540F5-ECEC-4A2F-9402-5FABFA3AC953}"
EndProject
Project("{FAE04EC0-301F-11D3-BF4B-00C04F79EFBC}") = "Application", "Application\Application.csproj", "{29EAEF94-206C-45D7-AAB0-4E2E71488BB6}"
EndProject
Project("{FAE04EC0-301F-11D3-BF4B-00C04F79EFBC}") = "Domain", "Domain\Domain.csproj", "{7A867DAE-AA4C-4C74-82EB-3CFCD38FA658}"
EndProject
Project("{FAE04EC0-301F-11D3-BF4B-00C04F79EFBC}") = "DataAccess", "DataAccess\DataAccess.csproj", "{75FAB74A-453E-40C6-8DC3-60E52D327932}"
EndProject
Global
	GlobalSection(SolutionConfigurationPlatforms) = preSolution
		Debug|Any CPU = Debug|Any CPU
		Release|Any CPU = Release|Any CPU
	EndGlobalSection
	GlobalSection(SolutionProperties) = preSolution
		HideSolutionNode = FALSE
	EndGlobalSection
	GlobalSection(ProjectConfigurationPlatforms) = postSolution
		{A54540F5-ECEC-4A2F-9402-5FABFA3AC953}.Debug|Any CPU.ActiveCfg = Debug|Any CPU
		{A54540F5-ECEC-4A2F-9402-5FABFA3AC953}.Debug|Any CPU.Build.0 = Debug|Any CPU
		{A54540F5-ECEC-4A2F-9402-5FABFA3AC953}.Release|Any CPU.ActiveCfg = Release|Any CPU
		{A54540F5-ECEC-4A2F-9402-5FABFA3AC953}.Release|Any CPU.Build.0 = Release|Any CPU
		{29EAEF94-206C-45D7-AAB0-4E2E71488BB6}.Debug|Any CPU.ActiveCfg = Debug|Any CPU
		{29EAEF94-206C-45D7-AAB0-4E2E71488BB6}.Debug|Any CPU.Build.0 = Debug|Any CPU
		{29EAEF94-206C-45D7-AAB0-4E2E71488BB6}.Release|Any CPU.ActiveCfg = Release|Any CPU
		{29EAEF94-206C-45D7-AAB0-4E2E71488BB6}.Release|Any CPU.Build.0 = Release|Any CPU
		{7A867DAE-AA4C-4C74-82EB-3CFCD38FA658}.Debug|Any CPU.ActiveCfg = Debug|Any CPU
		{7A867DAE-AA4C-4C74-82EB-3CFCD38FA658}.Debug|Any CPU.Build.0 = Debug|Any CPU
		{7A867DAE-AA4C-4C74-82EB-3CFCD38FA658}.Release|Any CPU.ActiveCfg = Release|Any CPU
		{7A867DAE-AA4C-4C74-82EB-3CFCD38FA658}.Release|Any CPU.Build.0 = Release|Any CPU
		{75FAB74A-453E-40C6-8DC3-60E52D327932}.Debug|Any CPU.ActiveCfg = Debug|Any CPU
		{75FAB74A-453E-40C6-8DC3-60E52D327932}.Debug|Any CPU.Build.0 = Debug|Any CPU
		{75FAB74A-453E-40C6-8DC3-60E52D327932}.Release|Any CPU.ActiveCfg = Release|Any CPU
		{75FAB74A-453E-40C6-8DC3-60E52D327932}.Release|Any CPU.Build.0 = Release|Any CPU
	EndGlobalSection
EndGlobal
